
Microsoft Visual Studio Solution File, Format Version 12.00
# Visual Studio 15
VisualStudioVersion = 15.0.28307.438
MinimumVisualStudioVersion = 10.0.40219.1
Project("{8BC9CEB8-8B4A-11D0-8D11-00A0C91BC942}") = "callback2-5", "callback2-5\callback2-5.vcxproj", "{C3890FF6-15BF-44C5-915B-C245F145068C}"
EndProject
Global
	GlobalSection(SolutionConfigurationPlatforms) = preSolution
		Debug|x64 = Debug|x64
		Debug|x86 = Debug|x86
		Release|x64 = Release|x64
		Release|x86 = Release|x86
	EndGlobalSection
	GlobalSection(ProjectConfigurationPlatforms) = postSolution
		{C3890FF6-15BF-44C5-915B-C245F145068C}.Debug|x64.ActiveCfg = Debug|x64
		{C3890FF6-15BF-44C5-915B-C245F145068C}.Debug|x64.Build.0 = Debug|x64
		{C3890FF6-15BF-44C5-915B-C245F145068C}.Debug|x86.ActiveCfg = Debug|Win32
		{C3890FF6-15BF-44C5-915B-C245F145068C}.Debug|x86.Build.0 = Debug|Win32
		{C3890FF6-15BF-44C5-915B-C245F145068C}.Release|x64.ActiveCfg = Release|x64
		{C3890FF6-15BF-44C5-915B-C245F145068C}.Release|x64.Build.0 = Release|x64
		{C3890FF6-15BF-44C5-915B-C245F145068C}.Release|x86.ActiveCfg = Release|Win32
		{C3890FF6-15BF-44C5-915B-C245F145068C}.Release|x86.Build.0 = Release|Win32
	EndGlobalSection
	GlobalSection(SolutionProperties) = preSolution
		HideSolutionNode = FALSE
	EndGlobalSection
	GlobalSection(ExtensibilityGlobals) = postSolution
		SolutionGuid = {D9F5CA1F-3BBE-4107-874D-A26FA0D3442F}
	EndGlobalSection
EndGlobal
